<Solution>
  <Project Path="Common/Common.csproj" />
  <Project Path="ExpansionEnabler/ExpansionEnabler.csproj" />
  <Project Path="LaunchS3.Expansions/LaunchS3.Expansions.csproj" Id="a0cc8bc3-3a2b-49a3-b552-52e683029bca">
    <Build Solution="Debug|*" Project="false" />
  </Project>
  <Project Path="LobuS3Launcher/LobuS3Launcher.csproj" />
</Solution>
